Microsoft Visual Studio Solution File, Format Version 11.00
# Visual Studio 2008

Project("{90C6057C-FB14-AC80-1293-A2C1D3D6CF4B}") = "Kmt", "Assembly-CSharp.csproj", "{A333A7A7-EE8B-487B-DDA4-9A46D7DA2442}"
EndProject
Project("{90C6057C-FB14-AC80-1293-A2C1D3D6CF4B}") = "Kmt", "Assembly-CSharp-Editor.csproj", "{3C7CE496-CFB7-070D-7AF6-AEAAD1B0564A}"
EndProject
Project("{90C6057C-FB14-AC80-1293-A2C1D3D6CF4B}") = "Kmt", "Assembly-UnityScript.unityproj", "{8A047024-7C78-F3F8-B082-B2D1B670CD01}"
EndProject
Project("{90C6057C-FB14-AC80-1293-A2C1D3D6CF4B}") = "Kmt", "Assembly-UnityScript-Editor.unityproj", "{20206CB3-5502-63CC-AE00-DECEB06D67BD}"
EndProject
Global
	GlobalSection(SolutionConfigurationPlatforms) = preSolution
		Debug|Any CPU = Debug|Any CPU
		Release|Any CPU = Release|Any CPU
	EndGlobalSection
	GlobalSection(ProjectConfigurationPlatforms) = postSolution
		{A333A7A7-EE8B-487B-DDA4-9A46D7DA2442}.Debug|Any CPU.ActiveCfg = Debug|Any CPU
		{A333A7A7-EE8B-487B-DDA4-9A46D7DA2442}.Debug|Any CPU.Build.0 = Debug|Any CPU
		{A333A7A7-EE8B-487B-DDA4-9A46D7DA2442}.Release|Any CPU.ActiveCfg = Release|Any CPU
		{A333A7A7-EE8B-487B-DDA4-9A46D7DA2442}.Release|Any CPU.Build.0 = Release|Any CPU
		{3C7CE496-CFB7-070D-7AF6-AEAAD1B0564A}.Debug|Any CPU.ActiveCfg = Debug|Any CPU
		{3C7CE496-CFB7-070D-7AF6-AEAAD1B0564A}.Debug|Any CPU.Build.0 = Debug|Any CPU
		{3C7CE496-CFB7-070D-7AF6-AEAAD1B0564A}.Release|Any CPU.ActiveCfg = Release|Any CPU
		{3C7CE496-CFB7-070D-7AF6-AEAAD1B0564A}.Release|Any CPU.Build.0 = Release|Any CPU
		{8A047024-7C78-F3F8-B082-B2D1B670CD01}.Debug|Any CPU.ActiveCfg = Debug|Any CPU
		{8A047024-7C78-F3F8-B082-B2D1B670CD01}.Debug|Any CPU.Build.0 = Debug|Any CPU
		{8A047024-7C78-F3F8-B082-B2D1B670CD01}.Release|Any CPU.ActiveCfg = Release|Any CPU
		{8A047024-7C78-F3F8-B082-B2D1B670CD01}.Release|Any CPU.Build.0 = Release|Any CPU
		{20206CB3-5502-63CC-AE00-DECEB06D67BD}.Debug|Any CPU.ActiveCfg = Debug|Any CPU
		{20206CB3-5502-63CC-AE00-DECEB06D67BD}.Debug|Any CPU.Build.0 = Debug|Any CPU
		{20206CB3-5502-63CC-AE00-DECEB06D67BD}.Release|Any CPU.ActiveCfg = Release|Any CPU
		{20206CB3-5502-63CC-AE00-DECEB06D67BD}.Release|Any CPU.Build.0 = Release|Any CPU
	EndGlobalSection
	GlobalSection(SolutionProperties) = preSolution
		HideSolutionNode = FALSE
	EndGlobalSection
																																																																																																																																																																																																						GlobalSection(MonoDevelopProperties) = preSolution
		StartupItem = Assembly-CSharp.csproj
		Policies = $0
		$0.TextStylePolicy = $1
		$1.inheritsSet = null
		$1.scope = text/x-csharp
		$0.CSharpFormattingPolicy = $2
		$2.inheritsSet = Mono
		$2.inheritsScope = text/x-csharp
		$2.scope = text/x-csharp
		$0.TextStylePolicy = $3
		$3.FileWidth = 120
		$3.TabWidth = 4
		$3.EolMarker = Unix
		$3.inheritsSet = Mono
		$3.inheritsScope = text/plain
		$3.scope = text/plain
		$0.StandardHeader = $4
		$4.Text = 
		$4.IncludeInNewFiles = True
		$0.VersionControlPolicy = $5
		$5.inheritsSet = Mono
		$0.DotNetNamingPolicy = $6
		$6.DirectoryNamespaceAssociation = PrefixedHierarchical
		$6.ResourceNamePolicy = MSBuild
		$0.ChangeLogPolicy = $7
		$7.UpdateMode = None
		$7.MessageStyle = $8
		$8.LineAlign = 0
		$7.inheritsSet = Mono
		$0.TextStylePolicy = $9
		$9.inheritsSet = null
		$9.scope = application/xml
		$0.XmlFormattingPolicy = $10
		$10.inheritsSet = Mono
		$10.inheritsScope = application/xml
		$10.scope = application/xml
		$0.TextStylePolicy = $11
		$11.inheritsSet = null
		$11.scope = text/x-unitytxt
		$0.TextStylePolicy = $12
		$12.inheritsSet = null
		$12.scope = text/x-shader
		$0.TextStylePolicy = $13
		$13.inheritsSet = null
		$13.scope = application/javascript
	EndGlobalSection

EndGlobal
